
Microsoft Visual Studio Solution File, Format Version 12.00
# Visual Studio 15
VisualStudioVersion = 15.0.27428.2011
MinimumVisualStudioVersion = 10.0.40219.1
Project("{FAE04EC0-301F-11D3-BF4B-00C04F79EFBC}") = "Kebabvognen", "Kebabvognen\Kebabvognen.csproj", "{779BD3DB-A456-4BCC-A5C3-820043401961}"
EndProject
Global
	GlobalSection(SolutionConfigurationPlatforms) = preSolution
		Debug|Any CPU = Debug|Any CPU
		Release|Any CPU = Release|Any CPU
	EndGlobalSection
	GlobalSection(ProjectConfigurationPlatforms) = postSolution
		{779BD3DB-A456-4BCC-A5C3-820043401961}.Debug|Any CPU.ActiveCfg = Debug|Any CPU
		{779BD3DB-A456-4BCC-A5C3-820043401961}.Debug|Any CPU.Build.0 = Debug|Any CPU
		{779BD3DB-A456-4BCC-A5C3-820043401961}.Release|Any CPU.ActiveCfg = Release|Any CPU
		{779BD3DB-A456-4BCC-A5C3-820043401961}.Release|Any CPU.Build.0 = Release|Any CPU
	EndGlobalSection
	GlobalSection(SolutionProperties) = preSolution
		HideSolutionNode = FALSE
	EndGlobalSection
	GlobalSection(ExtensibilityGlobals) = postSolution
		SolutionGuid = {6FD4FF6D-991F-4753-AC6F-9B9CD3C49B91}
	EndGlobalSection
EndGlobal
